
Microsoft Visual Studio Solution File, Format Version 12.00
# Visual Studio Version 17
VisualStudioVersion = 17.3.32901.215
MinimumVisualStudioVersion = 10.0.40219.1
Project("{FAE04EC0-301F-11D3-BF4B-00C04F79EFBC}") = "sayı_karsilastirma", "sayı_karsilastirma\sayı_karsilastirma.csproj", "{1BA1A140-023A-47A2-8FD1-10CFDD475D82}"
EndProject
Global
	GlobalSection(SolutionConfigurationPlatforms) = preSolution
		Debug|Any CPU = Debug|Any CPU
		Release|Any CPU = Release|Any CPU
	EndGlobalSection
	GlobalSection(ProjectConfigurationPlatforms) = postSolution
		{1BA1A140-023A-47A2-8FD1-10CFDD475D82}.Debug|Any CPU.ActiveCfg = Debug|Any CPU
		{1BA1A140-023A-47A2-8FD1-10CFDD475D82}.Debug|Any CPU.Build.0 = Debug|Any CPU
		{1BA1A140-023A-47A2-8FD1-10CFDD475D82}.Release|Any CPU.ActiveCfg = Release|Any CPU
		{1BA1A140-023A-47A2-8FD1-10CFDD475D82}.Release|Any CPU.Build.0 = Release|Any CPU
	EndGlobalSection
	GlobalSection(SolutionProperties) = preSolution
		HideSolutionNode = FALSE
	EndGlobalSection
	GlobalSection(ExtensibilityGlobals) = postSolution
		SolutionGuid = {7CAAC3A4-634C-444C-B5B7-A8EB04DC5E3F}
	EndGlobalSection
EndGlobal
